Microsoft Visual Studio Solution File, Format Version 12.00
# Visual Studio Version 17
VisualStudioVersion = 17.5.2.0
MinimumVisualStudioVersion = 10.0.40219.1
Project("{FAE04EC0-301F-11D3-BF4B-00C04F79EFBC}") = "ld-server", "ld-server.csproj", "{E7A03423-B7BF-5ADA-C57D-96C5A898FF02}"
EndProject
Global
	GlobalSection(SolutionConfigurationPlatforms) = preSolution
		Debug|Any CPU = Debug|Any CPU
		Release|Any CPU = Release|Any CPU
	EndGlobalSection
	GlobalSection(ProjectConfigurationPlatforms) = postSolution
		{E7A03423-B7BF-5ADA-C57D-96C5A898FF02}.Debug|Any CPU.ActiveCfg = Debug|Any CPU
		{E7A03423-B7BF-5ADA-C57D-96C5A898FF02}.Debug|Any CPU.Build.0 = Debug|Any CPU
		{E7A03423-B7BF-5ADA-C57D-96C5A898FF02}.Release|Any CPU.ActiveCfg = Release|Any CPU
		{E7A03423-B7BF-5ADA-C57D-96C5A898FF02}.Release|Any CPU.Build.0 = Release|Any CPU
	EndGlobalSection
	GlobalSection(SolutionProperties) = preSolution
		HideSolutionNode = FALSE
	EndGlobalSection
	GlobalSection(ExtensibilityGlobals) = postSolution
		SolutionGuid = {FFED6B6E-2FC4-48C4-9A5E-2CC1AD222CDB}
	EndGlobalSection
EndGlobal
